
Microsoft Visual Studio Solution File, Format Version 12.00
# Visual Studio Version 16
VisualStudioVersion = 16.0.31624.102
MinimumVisualStudioVersion = 10.0.40219.1
Project("{FAE04EC0-301F-11D3-BF4B-00C04F79EFBC}") = "ContactsBook", "ContactsBook\ContactsBook.csproj", "{0C81BE4E-6D4E-4047-82F7-652A96805EA6}"
EndProject
Project("{FAE04EC0-301F-11D3-BF4B-00C04F79EFBC}") = "BusinessLayer", "BusinessLayer\BusinessLayer.csproj", "{95CA434D-9339-4F45-88D2-E12051F9A724}"
EndProject
Project("{FAE04EC0-301F-11D3-BF4B-00C04F79EFBC}") = "Database", "Database\Database.csproj", "{005CC1AC-4DD4-4D38-AE01-3E775C8D1961}"
EndProject
Global
	GlobalSection(SolutionConfigurationPlatforms) = preSolution
		Debug|Any CPU = Debug|Any CPU
		Release|Any CPU = Release|Any CPU
	EndGlobalSection
	GlobalSection(ProjectConfigurationPlatforms) = postSolution
		{0C81BE4E-6D4E-4047-82F7-652A96805EA6}.Debug|Any CPU.ActiveCfg = Debug|Any CPU
		{0C81BE4E-6D4E-4047-82F7-652A96805EA6}.Debug|Any CPU.Build.0 = Debug|Any CPU
		{0C81BE4E-6D4E-4047-82F7-652A96805EA6}.Release|Any CPU.ActiveCfg = Release|Any CPU
		{0C81BE4E-6D4E-4047-82F7-652A96805EA6}.Release|Any CPU.Build.0 = Release|Any CPU
		{95CA434D-9339-4F45-88D2-E12051F9A724}.Debug|Any CPU.ActiveCfg = Debug|Any CPU
		{95CA434D-9339-4F45-88D2-E12051F9A724}.Debug|Any CPU.Build.0 = Debug|Any CPU
		{95CA434D-9339-4F45-88D2-E12051F9A724}.Release|Any CPU.ActiveCfg = Release|Any CPU
		{95CA434D-9339-4F45-88D2-E12051F9A724}.Release|Any CPU.Build.0 = Release|Any CPU
		{005CC1AC-4DD4-4D38-AE01-3E775C8D1961}.Debug|Any CPU.ActiveCfg = Debug|Any CPU
		{005CC1AC-4DD4-4D38-AE01-3E775C8D1961}.Debug|Any CPU.Build.0 = Debug|Any CPU
		{005CC1AC-4DD4-4D38-AE01-3E775C8D1961}.Release|Any CPU.ActiveCfg = Release|Any CPU
		{005CC1AC-4DD4-4D38-AE01-3E775C8D1961}.Release|Any CPU.Build.0 = Release|Any CPU
	EndGlobalSection
	GlobalSection(SolutionProperties) = preSolution
		HideSolutionNode = FALSE
	EndGlobalSection
	GlobalSection(ExtensibilityGlobals) = postSolution
		SolutionGuid = {7C817A77-6EEE-414A-BCCE-0F510A2BDDFC}
	EndGlobalSection
EndGlobal
